
Microsoft Visual Studio Solution File, Format Version 12.00
# Visual Studio Version 16
VisualStudioVersion = 16.0.34301.259
MinimumVisualStudioVersion = 10.0.40219.1
Project("{FAE04EC0-301F-11D3-BF4B-00C04F79EFBC}") = "test", "test\test.csproj", "{FC2C7CEB-B3D6-44D5-8FBA-3221CACDCD8B}"
EndProject
Project("{FAE04EC0-301F-11D3-BF4B-00C04F79EFBC}") = "TobbElem", "TobbElem\TobbElem.csproj", "{9424BCF9-6B31-42E9-A05A-1357D50882ED}"
EndProject
Project("{FAE04EC0-301F-11D3-BF4B-00C04F79EFBC}") = "ConsoleApp1", "ConsoleApp1\ConsoleApp1.csproj", "{D54CFF26-FC3E-444C-8BBD-FBB2E057060A}"
EndProject
Project("{FAE04EC0-301F-11D3-BF4B-00C04F79EFBC}") = "2. Mátrix bekérése", "2. Mátrix bekérése\2. Mátrix bekérése.csproj", "{7565AD46-7F68-410E-8CE5-B948F1C079DA}"
EndProject
Project("{FAE04EC0-301F-11D3-BF4B-00C04F79EFBC}") = "NegyszogOOP", "NegyszogOOP\NegyszogOOP.csproj", "{E7421389-8F79-42FB-80EE-C7A3BC3FDF70}"
EndProject
Project("{FAE04EC0-301F-11D3-BF4B-00C04F79EFBC}") = "macskak", "macskak\macskak.csproj", "{FB2545C4-7F30-4F98-9041-A672FC39545B}"
EndProject
Global
	GlobalSection(SolutionConfigurationPlatforms) = preSolution
		Debug|Any CPU = Debug|Any CPU
		Release|Any CPU = Release|Any CPU
	EndGlobalSection
	GlobalSection(ProjectConfigurationPlatforms) = postSolution
		{FC2C7CEB-B3D6-44D5-8FBA-3221CACDCD8B}.Debug|Any CPU.ActiveCfg = Debug|Any CPU
		{FC2C7CEB-B3D6-44D5-8FBA-3221CACDCD8B}.Debug|Any CPU.Build.0 = Debug|Any CPU
		{FC2C7CEB-B3D6-44D5-8FBA-3221CACDCD8B}.Release|Any CPU.ActiveCfg = Release|Any CPU
		{FC2C7CEB-B3D6-44D5-8FBA-3221CACDCD8B}.Release|Any CPU.Build.0 = Release|Any CPU
		{9424BCF9-6B31-42E9-A05A-1357D50882ED}.Debug|Any CPU.ActiveCfg = Debug|Any CPU
		{9424BCF9-6B31-42E9-A05A-1357D50882ED}.Debug|Any CPU.Build.0 = Debug|Any CPU
		{9424BCF9-6B31-42E9-A05A-1357D50882ED}.Release|Any CPU.ActiveCfg = Release|Any CPU
		{9424BCF9-6B31-42E9-A05A-1357D50882ED}.Release|Any CPU.Build.0 = Release|Any CPU
		{D54CFF26-FC3E-444C-8BBD-FBB2E057060A}.Debug|Any CPU.ActiveCfg = Debug|Any CPU
		{D54CFF26-FC3E-444C-8BBD-FBB2E057060A}.Debug|Any CPU.Build.0 = Debug|Any CPU
		{D54CFF26-FC3E-444C-8BBD-FBB2E057060A}.Release|Any CPU.ActiveCfg = Release|Any CPU
		{D54CFF26-FC3E-444C-8BBD-FBB2E057060A}.Release|Any CPU.Build.0 = Release|Any CPU
		{7565AD46-7F68-410E-8CE5-B948F1C079DA}.Debug|Any CPU.ActiveCfg = Debug|Any CPU
		{7565AD46-7F68-410E-8CE5-B948F1C079DA}.Debug|Any CPU.Build.0 = Debug|Any CPU
		{7565AD46-7F68-410E-8CE5-B948F1C079DA}.Release|Any CPU.ActiveCfg = Release|Any CPU
		{7565AD46-7F68-410E-8CE5-B948F1C079DA}.Release|Any CPU.Build.0 = Release|Any CPU
		{E7421389-8F79-42FB-80EE-C7A3BC3FDF70}.Debug|Any CPU.ActiveCfg = Debug|Any CPU
		{E7421389-8F79-42FB-80EE-C7A3BC3FDF70}.Debug|Any CPU.Build.0 = Debug|Any CPU
		{E7421389-8F79-42FB-80EE-C7A3BC3FDF70}.Release|Any CPU.ActiveCfg = Release|Any CPU
		{E7421389-8F79-42FB-80EE-C7A3BC3FDF70}.Release|Any CPU.Build.0 = Release|Any CPU
		{FB2545C4-7F30-4F98-9041-A672FC39545B}.Debug|Any CPU.ActiveCfg = Debug|Any CPU
		{FB2545C4-7F30-4F98-9041-A672FC39545B}.Debug|Any CPU.Build.0 = Debug|Any CPU
		{FB2545C4-7F30-4F98-9041-A672FC39545B}.Release|Any CPU.ActiveCfg = Release|Any CPU
		{FB2545C4-7F30-4F98-9041-A672FC39545B}.Release|Any CPU.Build.0 = Release|Any CPU
	EndGlobalSection
	GlobalSection(SolutionProperties) = preSolution
		HideSolutionNode = FALSE
	EndGlobalSection
	GlobalSection(ExtensibilityGlobals) = postSolution
		SolutionGuid = {3513AE27-4515-4049-9FE4-A79C92CA97B4}
	EndGlobalSection
EndGlobal
